
Microsoft Visual Studio Solution File, Format Version 12.00
# Visual Studio Version 16
VisualStudioVersion = 16.0.29215.179
MinimumVisualStudioVersion = 10.0.40219.1
Project("{FAE04EC0-301F-11D3-BF4B-00C04F79EFBC}") = "basededatos", "basededatos\basededatos.csproj", "{7B4BDBB5-589F-4206-A254-226FD7385F23}"
EndProject
Global
	GlobalSection(SolutionConfigurationPlatforms) = preSolution
		Debug|Any CPU = Debug|Any CPU
		Release|Any CPU = Release|Any CPU
	EndGlobalSection
	GlobalSection(ProjectConfigurationPlatforms) = postSolution
		{7B4BDBB5-589F-4206-A254-226FD7385F23}.Debug|Any CPU.ActiveCfg = Debug|Any CPU
		{7B4BDBB5-589F-4206-A254-226FD7385F23}.Debug|Any CPU.Build.0 = Debug|Any CPU
		{7B4BDBB5-589F-4206-A254-226FD7385F23}.Release|Any CPU.ActiveCfg = Release|Any CPU
		{7B4BDBB5-589F-4206-A254-226FD7385F23}.Release|Any CPU.Build.0 = Release|Any CPU
	EndGlobalSection
	GlobalSection(SolutionProperties) = preSolution
		HideSolutionNode = FALSE
	EndGlobalSection
	GlobalSection(ExtensibilityGlobals) = postSolution
		SolutionGuid = {C29EDC30-0195-4EDA-BC25-3C8714532E85}
	EndGlobalSection
EndGlobal
