
Microsoft Visual Studio Solution File, Format Version 12.00
# Visual Studio Version 16
VisualStudioVersion = 16.0.29215.179
MinimumVisualStudioVersion = 10.0.40219.1
Project("{FAE04EC0-301F-11D3-BF4B-00C04F79EFBC}") = "MilistaSeries", "MilistaSeries\MilistaSeries.csproj", "{06CD6E50-B5B0-4B01-A521-96E526A5FFBE}"
EndProject
Global
	GlobalSection(SolutionConfigurationPlatforms) = preSolution
		Debug|Any CPU = Debug|Any CPU
		Release|Any CPU = Release|Any CPU
	EndGlobalSection
	GlobalSection(ProjectConfigurationPlatforms) = postSolution
		{06CD6E50-B5B0-4B01-A521-96E526A5FFBE}.Debug|Any CPU.ActiveCfg = Debug|Any CPU
		{06CD6E50-B5B0-4B01-A521-96E526A5FFBE}.Debug|Any CPU.Build.0 = Debug|Any CPU
		{06CD6E50-B5B0-4B01-A521-96E526A5FFBE}.Release|Any CPU.ActiveCfg = Release|Any CPU
		{06CD6E50-B5B0-4B01-A521-96E526A5FFBE}.Release|Any CPU.Build.0 = Release|Any CPU
	EndGlobalSection
	GlobalSection(SolutionProperties) = preSolution
		HideSolutionNode = FALSE
	EndGlobalSection
	GlobalSection(ExtensibilityGlobals) = postSolution
		SolutionGuid = {04F42485-4F15-4BEA-90A6-08F021DA2CDF}
	EndGlobalSection
EndGlobal
